
Microsoft Visual Studio Solution File, Format Version 11.00
# Visual Studio 2010
Project("{FAE04EC0-301F-11D3-BF4B-00C04F79EFBC}") = "UnityEngine.TestRunner", "UnityEngine.TestRunner.csproj", "{D16974B0-359B-9B2F-0B8E-8011F237D3CD}"
EndProject
Project("{FAE04EC0-301F-11D3-BF4B-00C04F79EFBC}") = "Unity.Timeline", "Unity.Timeline.csproj", "{83D8EDB4-5FD8-5C08-1D77-E5B64FEE4F4C}"
EndProject
Project("{FAE04EC0-301F-11D3-BF4B-00C04F79EFBC}") = "UnityEngine.UI", "UnityEngine.UI.csproj", "{8DF194D3-CD06-9FDA-9288-64FE1C511E0A}"
EndProject
Project("{FAE04EC0-301F-11D3-BF4B-00C04F79EFBC}") = "Unity.TextMeshPro", "Unity.TextMeshPro.csproj", "{334EB9D8-4200-B353-B786-E39DE19D8E27}"
EndProject
Project("{FAE04EC0-301F-11D3-BF4B-00C04F79EFBC}") = "Assembly-CSharp", "Assembly-CSharp.csproj", "{91A58F20-5932-9742-7CC3-8403B07F24D0}"
EndProject
Project("{FAE04EC0-301F-11D3-BF4B-00C04F79EFBC}") = "UnityEditor.TestRunner", "UnityEditor.TestRunner.csproj", "{81811C9F-1DDD-0F17-7601-EFBEBBC7FEDD}"
EndProject
Project("{FAE04EC0-301F-11D3-BF4B-00C04F79EFBC}") = "Unity.PlasticSCM.Editor", "Unity.PlasticSCM.Editor.csproj", "{F5F624FE-AC4A-96BF-BBC1-78173EAD45EF}"
EndProject
Project("{FAE04EC0-301F-11D3-BF4B-00C04F79EFBC}") = "UnityEditor.UI", "UnityEditor.UI.csproj", "{D9122F0B-E2B4-1DDD-DA63-41C6C2F65D2A}"
EndProject
Project("{FAE04EC0-301F-11D3-BF4B-00C04F79EFBC}") = "Unity.Services.Core.Editor", "Unity.Services.Core.Editor.csproj", "{0B94F5C7-0CF4-57AA-59F9-00B74E4018A1}"
EndProject
Project("{FAE04EC0-301F-11D3-BF4B-00C04F79EFBC}") = "Unity.Timeline.Editor", "Unity.Timeline.Editor.csproj", "{EB87D47F-4EC5-3FD1-0CFE-38BEC9F15A97}"
EndProject
Project("{FAE04EC0-301F-11D3-BF4B-00C04F79EFBC}") = "Unity.VisualStudio.Editor", "Unity.VisualStudio.Editor.csproj", "{EEB65CD4-F06E-77BE-08A2-AF30AC724F20}"
EndProject
Project("{FAE04EC0-301F-11D3-BF4B-00C04F79EFBC}") = "Unity.TextMeshPro.Editor", "Unity.TextMeshPro.Editor.csproj", "{72CA6BDE-9EF7-4E7D-C8E8-1F37B51BC808}"
EndProject
Project("{FAE04EC0-301F-11D3-BF4B-00C04F79EFBC}") = "Unity.CollabProxy.Editor", "Unity.CollabProxy.Editor.csproj", "{2B435BCD-7CEA-7744-1C09-8ADA1926B1C1}"
EndProject
Project("{FAE04EC0-301F-11D3-BF4B-00C04F79EFBC}") = "Unity.Rider.Editor", "Unity.Rider.Editor.csproj", "{D14A7006-CB16-48FC-03DF-98FC534BFBC4}"
EndProject
Project("{FAE04EC0-301F-11D3-BF4B-00C04F79EFBC}") = "Unity.VSCode.Editor", "Unity.VSCode.Editor.csproj", "{5AD19FB9-032C-44CF-9212-1FB0C03F75A3}"
EndProject
Project("{FAE04EC0-301F-11D3-BF4B-00C04F79EFBC}") = "Assembly-CSharp-Editor", "Assembly-CSharp-Editor.csproj", "{C322E742-3ADD-DB6E-015B-2E89B1C764AE}"
EndProject
Project("{FAE04EC0-301F-11D3-BF4B-00C04F79EFBC}") = "UnityEngine.TestRunner.Player", "UnityEngine.TestRunner.Player.csproj", "{11EFD551-9442-3099-A58C-03449054A9D0}"
EndProject
Project("{FAE04EC0-301F-11D3-BF4B-00C04F79EFBC}") = "Unity.Timeline.Player", "Unity.Timeline.Player.csproj", "{CD4A1C8B-9403-8196-C078-07620BF037CF}"
EndProject
Project("{FAE04EC0-301F-11D3-BF4B-00C04F79EFBC}") = "UnityEngine.UI.Player", "UnityEngine.UI.Player.csproj", "{6E89C734-2CED-80EE-8836-CE59DC694AE8}"
EndProject
Project("{FAE04EC0-301F-11D3-BF4B-00C04F79EFBC}") = "Unity.TextMeshPro.Player", "Unity.TextMeshPro.Player.csproj", "{A43F18A3-27A6-F85C-A587-43765B42F2D3}"
EndProject
Project("{FAE04EC0-301F-11D3-BF4B-00C04F79EFBC}") = "Assembly-CSharp.Player", "Assembly-CSharp.Player.csproj", "{0332A0B2-6BCB-4A21-E6AE-DDE367C689D6}"
EndProject
Global
	GlobalSection(SolutionConfigurationPlatforms) = preSolution
		Debug|Any CPU = Debug|Any CPU
		Release|Any CPU = Release|Any CPU
	EndGlobalSection
	GlobalSection(ProjectConfigurationPlatforms) = postSolution
		{D16974B0-359B-9B2F-0B8E-8011F237D3CD}.Debug|Any CPU.ActiveCfg = Debug|Any CPU
		{D16974B0-359B-9B2F-0B8E-8011F237D3CD}.Debug|Any CPU.Build.0 = Debug|Any CPU
		{D16974B0-359B-9B2F-0B8E-8011F237D3CD}.Release|Any CPU.ActiveCfg = Release|Any CPU
		{D16974B0-359B-9B2F-0B8E-8011F237D3CD}.Release|Any CPU.Build.0 = Release|Any CPU
		{83D8EDB4-5FD8-5C08-1D77-E5B64FEE4F4C}.Debug|Any CPU.ActiveCfg = Debug|Any CPU
		{83D8EDB4-5FD8-5C08-1D77-E5B64FEE4F4C}.Debug|Any CPU.Build.0 = Debug|Any CPU
		{83D8EDB4-5FD8-5C08-1D77-E5B64FEE4F4C}.Release|Any CPU.ActiveCfg = Release|Any CPU
		{83D8EDB4-5FD8-5C08-1D77-E5B64FEE4F4C}.Release|Any CPU.Build.0 = Release|Any CPU
		{8DF194D3-CD06-9FDA-9288-64FE1C511E0A}.Debug|Any CPU.ActiveCfg = Debug|Any CPU
		{8DF194D3-CD06-9FDA-9288-64FE1C511E0A}.Debug|Any CPU.Build.0 = Debug|Any CPU
		{8DF194D3-CD06-9FDA-9288-64FE1C511E0A}.Release|Any CPU.ActiveCfg = Release|Any CPU
		{8DF194D3-CD06-9FDA-9288-64FE1C511E0A}.Release|Any CPU.Build.0 = Release|Any CPU
		{334EB9D8-4200-B353-B786-E39DE19D8E27}.Debug|Any CPU.ActiveCfg = Debug|Any CPU
		{334EB9D8-4200-B353-B786-E39DE19D8E27}.Debug|Any CPU.Build.0 = Debug|Any CPU
		{334EB9D8-4200-B353-B786-E39DE19D8E27}.Release|Any CPU.ActiveCfg = Release|Any CPU
		{334EB9D8-4200-B353-B786-E39DE19D8E27}.Release|Any CPU.Build.0 = Release|Any CPU
		{91A58F20-5932-9742-7CC3-8403B07F24D0}.Debug|Any CPU.ActiveCfg = Debug|Any CPU
		{91A58F20-5932-9742-7CC3-8403B07F24D0}.Debug|Any CPU.Build.0 = Debug|Any CPU
		{91A58F20-5932-9742-7CC3-8403B07F24D0}.Release|Any CPU.ActiveCfg = Release|Any CPU
		{91A58F20-5932-9742-7CC3-8403B07F24D0}.Release|Any CPU.Build.0 = Release|Any CPU
		{81811C9F-1DDD-0F17-7601-EFBEBBC7FEDD}.Debug|Any CPU.ActiveCfg = Debug|Any CPU
		{81811C9F-1DDD-0F17-7601-EFBEBBC7FEDD}.Debug|Any CPU.Build.0 = Debug|Any CPU
		{81811C9F-1DDD-0F17-7601-EFBEBBC7FEDD}.Release|Any CPU.ActiveCfg = Release|Any CPU
		{81811C9F-1DDD-0F17-7601-EFBEBBC7FEDD}.Release|Any CPU.Build.0 = Release|Any CPU
		{F5F624FE-AC4A-96BF-BBC1-78173EAD45EF}.Debug|Any CPU.ActiveCfg = Debug|Any CPU
		{F5F624FE-AC4A-96BF-BBC1-78173EAD45EF}.Debug|Any CPU.Build.0 = Debug|Any CPU
		{F5F624FE-AC4A-96BF-BBC1-78173EAD45EF}.Release|Any CPU.ActiveCfg = Release|Any CPU
		{F5F624FE-AC4A-96BF-BBC1-78173EAD45EF}.Release|Any CPU.Build.0 = Release|Any CPU
		{D9122F0B-E2B4-1DDD-DA63-41C6C2F65D2A}.Debug|Any CPU.ActiveCfg = Debug|Any CPU
		{D9122F0B-E2B4-1DDD-DA63-41C6C2F65D2A}.Debug|Any CPU.Build.0 = Debug|Any CPU
		{D9122F0B-E2B4-1DDD-DA63-41C6C2F65D2A}.Release|Any CPU.ActiveCfg = Release|Any CPU
		{D9122F0B-E2B4-1DDD-DA63-41C6C2F65D2A}.Release|Any CPU.Build.0 = Release|Any CPU
		{0B94F5C7-0CF4-57AA-59F9-00B74E4018A1}.Debug|Any CPU.ActiveCfg = Debug|Any CPU
		{0B94F5C7-0CF4-57AA-59F9-00B74E4018A1}.Debug|Any CPU.Build.0 = Debug|Any CPU
		{0B94F5C7-0CF4-57AA-59F9-00B74E4018A1}.Release|Any CPU.ActiveCfg = Release|Any CPU
		{0B94F5C7-0CF4-57AA-59F9-00B74E4018A1}.Release|Any CPU.Build.0 = Release|Any CPU
		{EB87D47F-4EC5-3FD1-0CFE-38BEC9F15A97}.Debug|Any CPU.ActiveCfg = Debug|Any CPU
		{EB87D47F-4EC5-3FD1-0CFE-38BEC9F15A97}.Debug|Any CPU.Build.0 = Debug|Any CPU
		{EB87D47F-4EC5-3FD1-0CFE-38BEC9F15A97}.Release|Any CPU.ActiveCfg = Release|Any CPU
		{EB87D47F-4EC5-3FD1-0CFE-38BEC9F15A97}.Release|Any CPU.Build.0 = Release|Any CPU
		{EEB65CD4-F06E-77BE-08A2-AF30AC724F20}.Debug|Any CPU.ActiveCfg = Debug|Any CPU
		{EEB65CD4-F06E-77BE-08A2-AF30AC724F20}.Debug|Any CPU.Build.0 = Debug|Any CPU
		{EEB65CD4-F06E-77BE-08A2-AF30AC724F20}.Release|Any CPU.ActiveCfg = Release|Any CPU
		{EEB65CD4-F06E-77BE-08A2-AF30AC724F20}.Release|Any CPU.Build.0 = Release|Any CPU
		{72CA6BDE-9EF7-4E7D-C8E8-1F37B51BC808}.Debug|Any CPU.ActiveCfg = Debug|Any CPU
		{72CA6BDE-9EF7-4E7D-C8E8-1F37B51BC808}.Debug|Any CPU.Build.0 = Debug|Any CPU
		{72CA6BDE-9EF7-4E7D-C8E8-1F37B51BC808}.Release|Any CPU.ActiveCfg = Release|Any CPU
		{72CA6BDE-9EF7-4E7D-C8E8-1F37B51BC808}.Release|Any CPU.Build.0 = Release|Any CPU
		{2B435BCD-7CEA-7744-1C09-8ADA1926B1C1}.Debug|Any CPU.ActiveCfg = Debug|Any CPU
		{2B435BCD-7CEA-7744-1C09-8ADA1926B1C1}.Debug|Any CPU.Build.0 = Debug|Any CPU
		{2B435BCD-7CEA-7744-1C09-8ADA1926B1C1}.Release|Any CPU.ActiveCfg = Release|Any CPU
		{2B435BCD-7CEA-7744-1C09-8ADA1926B1C1}.Release|Any CPU.Build.0 = Release|Any CPU
		{D14A7006-CB16-48FC-03DF-98FC534BFBC4}.Debug|Any CPU.ActiveCfg = Debug|Any CPU
		{D14A7006-CB16-48FC-03DF-98FC534BFBC4}.Debug|Any CPU.Build.0 = Debug|Any CPU
		{D14A7006-CB16-48FC-03DF-98FC534BFBC4}.Release|Any CPU.ActiveCfg = Release|Any CPU
		{D14A7006-CB16-48FC-03DF-98FC534BFBC4}.Release|Any CPU.Build.0 = Release|Any CPU
		{5AD19FB9-032C-44CF-9212-1FB0C03F75A3}.Debug|Any CPU.ActiveCfg = Debug|Any CPU
		{5AD19FB9-032C-44CF-9212-1FB0C03F75A3}.Debug|Any CPU.Build.0 = Debug|Any CPU
		{5AD19FB9-032C-44CF-9212-1FB0C03F75A3}.Release|Any CPU.ActiveCfg = Release|Any CPU
		{5AD19FB9-032C-44CF-9212-1FB0C03F75A3}.Release|Any CPU.Build.0 = Release|Any CPU
		{C322E742-3ADD-DB6E-015B-2E89B1C764AE}.Debug|Any CPU.ActiveCfg = Debug|Any CPU
		{C322E742-3ADD-DB6E-015B-2E89B1C764AE}.Debug|Any CPU.Build.0 = Debug|Any CPU
		{C322E742-3ADD-DB6E-015B-2E89B1C764AE}.Release|Any CPU.ActiveCfg = Release|Any CPU
		{C322E742-3ADD-DB6E-015B-2E89B1C764AE}.Release|Any CPU.Build.0 = Release|Any CPU
		{11EFD551-9442-3099-A58C-03449054A9D0}.Debug|Any CPU.ActiveCfg = Debug|Any CPU
		{11EFD551-9442-3099-A58C-03449054A9D0}.Debug|Any CPU.Build.0 = Debug|Any CPU
		{11EFD551-9442-3099-A58C-03449054A9D0}.Release|Any CPU.ActiveCfg = Release|Any CPU
		{11EFD551-9442-3099-A58C-03449054A9D0}.Release|Any CPU.Build.0 = Release|Any CPU
		{CD4A1C8B-9403-8196-C078-07620BF037CF}.Debug|Any CPU.ActiveCfg = Debug|Any CPU
		{CD4A1C8B-9403-8196-C078-07620BF037CF}.Debug|Any CPU.Build.0 = Debug|Any CPU
		{CD4A1C8B-9403-8196-C078-07620BF037CF}.Release|Any CPU.ActiveCfg = Release|Any CPU
		{CD4A1C8B-9403-8196-C078-07620BF037CF}.Release|Any CPU.Build.0 = Release|Any CPU
		{6E89C734-2CED-80EE-8836-CE59DC694AE8}.Debug|Any CPU.ActiveCfg = Debug|Any CPU
		{6E89C734-2CED-80EE-8836-CE59DC694AE8}.Debug|Any CPU.Build.0 = Debug|Any CPU
		{6E89C734-2CED-80EE-8836-CE59DC694AE8}.Release|Any CPU.ActiveCfg = Release|Any CPU
		{6E89C734-2CED-80EE-8836-CE59DC694AE8}.Release|Any CPU.Build.0 = Release|Any CPU
		{A43F18A3-27A6-F85C-A587-43765B42F2D3}.Debug|Any CPU.ActiveCfg = Debug|Any CPU
		{A43F18A3-27A6-F85C-A587-43765B42F2D3}.Debug|Any CPU.Build.0 = Debug|Any CPU
		{A43F18A3-27A6-F85C-A587-43765B42F2D3}.Release|Any CPU.ActiveCfg = Release|Any CPU
		{A43F18A3-27A6-F85C-A587-43765B42F2D3}.Release|Any CPU.Build.0 = Release|Any CPU
		{0332A0B2-6BCB-4A21-E6AE-DDE367C689D6}.Debug|Any CPU.ActiveCfg = Debug|Any CPU
		{0332A0B2-6BCB-4A21-E6AE-DDE367C689D6}.Debug|Any CPU.Build.0 = Debug|Any CPU
		{0332A0B2-6BCB-4A21-E6AE-DDE367C689D6}.Release|Any CPU.ActiveCfg = Release|Any CPU
		{0332A0B2-6BCB-4A21-E6AE-DDE367C689D6}.Release|Any CPU.Build.0 = Release|Any CPU
	EndGlobalSection
	GlobalSection(SolutionProperties) = preSolution
		HideSolutionNode = FALSE
	EndGlobalSection
EndGlobal
